
Microsoft Visual Studio Solution File, Format Version 12.00
# Visual Studio Version 17
VisualStudioVersion = 17.10.35027.167
MinimumVisualStudioVersion = 10.0.40219.1
Project("{FAE04EC0-301F-11D3-BF4B-00C04F79EFBC}") = "ScientificLibraryBack", "ScientificLibraryBack\ScientificLibraryBack.csproj", "{19A482F8-3C51-4AF3-9669-F398E139CD1D}"
EndProject
Project("{E53339B2-1760-4266-BCC7-CA923CBCF16C}") = "docker-compose", "docker-compose.dcproj", "{1EE0FFEF-C093-4533-90C3-112D7BD6DDC8}"
EndProject
Global
	GlobalSection(SolutionConfigurationPlatforms) = preSolution
		Debug|Any CPU = Debug|Any CPU
		Release|Any CPU = Release|Any CPU
	EndGlobalSection
	GlobalSection(ProjectConfigurationPlatforms) = postSolution
		{19A482F8-3C51-4AF3-9669-F398E139CD1D}.Debug|Any CPU.ActiveCfg = Debug|Any CPU
		{19A482F8-3C51-4AF3-9669-F398E139CD1D}.Debug|Any CPU.Build.0 = Debug|Any CPU
		{19A482F8-3C51-4AF3-9669-F398E139CD1D}.Release|Any CPU.ActiveCfg = Release|Any CPU
		{19A482F8-3C51-4AF3-9669-F398E139CD1D}.Release|Any CPU.Build.0 = Release|Any CPU
		{1EE0FFEF-C093-4533-90C3-112D7BD6DDC8}.Debug|Any CPU.ActiveCfg = Debug|Any CPU
		{1EE0FFEF-C093-4533-90C3-112D7BD6DDC8}.Debug|Any CPU.Build.0 = Debug|Any CPU
		{1EE0FFEF-C093-4533-90C3-112D7BD6DDC8}.Release|Any CPU.ActiveCfg = Release|Any CPU
		{1EE0FFEF-C093-4533-90C3-112D7BD6DDC8}.Release|Any CPU.Build.0 = Release|Any CPU
	EndGlobalSection
	GlobalSection(SolutionProperties) = preSolution
		HideSolutionNode = FALSE
	EndGlobalSection
	GlobalSection(ExtensibilityGlobals) = postSolution
		SolutionGuid = {E1F92E82-38C0-40EE-890C-BFA45A45DE99}
	EndGlobalSection
EndGlobal
